
Microsoft Visual Studio Solution File, Format Version 12.00
# Visual Studio 15
VisualStudioVersion = 15.0.28010.2046
MinimumVisualStudioVersion = 10.0.40219.1
Project("{FAE04EC0-301F-11D3-BF4B-00C04F79EFBC}") = "ComunidadesCodeFirst", "ComunidadesCodeFirst\ComunidadesCodeFirst.csproj", "{B2918016-96E0-4B6E-95C3-4F5B77ECEB0D}"
EndProject
Global
	GlobalSection(SolutionConfigurationPlatforms) = preSolution
		Debug|Any CPU = Debug|Any CPU
		Release|Any CPU = Release|Any CPU
	EndGlobalSection
	GlobalSection(ProjectConfigurationPlatforms) = postSolution
		{B2918016-96E0-4B6E-95C3-4F5B77ECEB0D}.Debug|Any CPU.ActiveCfg = Debug|Any CPU
		{B2918016-96E0-4B6E-95C3-4F5B77ECEB0D}.Debug|Any CPU.Build.0 = Debug|Any CPU
		{B2918016-96E0-4B6E-95C3-4F5B77ECEB0D}.Release|Any CPU.ActiveCfg = Release|Any CPU
		{B2918016-96E0-4B6E-95C3-4F5B77ECEB0D}.Release|Any CPU.Build.0 = Release|Any CPU
	EndGlobalSection
	GlobalSection(SolutionProperties) = preSolution
		HideSolutionNode = FALSE
	EndGlobalSection
	GlobalSection(ExtensibilityGlobals) = postSolution
		SolutionGuid = {41BCA32B-526E-48D3-8FF8-055B1B8D95AD}
	EndGlobalSection
EndGlobal
